
Microsoft Visual Studio Solution File, Format Version 12.00
# Visual Studio Version 16
VisualStudioVersion = 16.0.30907.101
MinimumVisualStudioVersion = 10.0.40219.1
Project("{FAE04EC0-301F-11D3-BF4B-00C04F79EFBC}") = "WpfApp_laba1", "WpfApp_laba1\WpfApp_laba1.csproj", "{4449D892-A3EF-435B-A7FC-811AC931285B}"
EndProject
Project("{FAE04EC0-301F-11D3-BF4B-00C04F79EFBC}") = "WpfApp1", "WpfApp1\WpfApp1.csproj", "{AE1504C7-26A7-4368-8D2C-6D2B9257E31B}"
EndProject
Global
	GlobalSection(SolutionConfigurationPlatforms) = preSolution
		Debug|Any CPU = Debug|Any CPU
		Release|Any CPU = Release|Any CPU
	EndGlobalSection
	GlobalSection(ProjectConfigurationPlatforms) = postSolution
		{4449D892-A3EF-435B-A7FC-811AC931285B}.Debug|Any CPU.ActiveCfg = Debug|Any CPU
		{4449D892-A3EF-435B-A7FC-811AC931285B}.Debug|Any CPU.Build.0 = Debug|Any CPU
		{4449D892-A3EF-435B-A7FC-811AC931285B}.Release|Any CPU.ActiveCfg = Release|Any CPU
		{4449D892-A3EF-435B-A7FC-811AC931285B}.Release|Any CPU.Build.0 = Release|Any CPU
		{AE1504C7-26A7-4368-8D2C-6D2B9257E31B}.Debug|Any CPU.ActiveCfg = Debug|Any CPU
		{AE1504C7-26A7-4368-8D2C-6D2B9257E31B}.Debug|Any CPU.Build.0 = Debug|Any CPU
		{AE1504C7-26A7-4368-8D2C-6D2B9257E31B}.Release|Any CPU.ActiveCfg = Release|Any CPU
		{AE1504C7-26A7-4368-8D2C-6D2B9257E31B}.Release|Any CPU.Build.0 = Release|Any CPU
	EndGlobalSection
	GlobalSection(SolutionProperties) = preSolution
		HideSolutionNode = FALSE
	EndGlobalSection
	GlobalSection(ExtensibilityGlobals) = postSolution
		SolutionGuid = {3F7EE530-613F-47C4-9BF4-CA9DCD56DF16}
	EndGlobalSection
EndGlobal
